
Microsoft Visual Studio Solution File, Format Version 12.00
# Visual Studio Version 17
VisualStudioVersion = 17.8.34330.188
MinimumVisualStudioVersion = 10.0.40219.1
Project("{FAE04EC0-301F-11D3-BF4B-00C04F79EFBC}") = "Sbo.AndEmiliTest.Documents", "Sbo.AndEmiliTest.Documents\Sbo.AndEmiliTest.Documents.csproj", "{D8AD502D-0727-4F64-B08C-AABFB1B1749E}"
EndProject
Project("{00D1A9C2-B5F0-4AF3-8072-F6C62B433612}") = "Sbo.AndEmiliTest.Database.Sql", "Sbo.AndEmiliTest.Database.Sql\Sbo.AndEmiliTest.Database.Sql.sqlproj", "{94A56B53-ED4B-4ECF-AC9F-FB8DF6D35C7E}"
EndProject
Project("{FAE04EC0-301F-11D3-BF4B-00C04F79EFBC}") = "Sbo.AndEmiliTest.Core", "Sbo.AndEmiliTest.Core\Sbo.AndEmiliTest.Core.csproj", "{177FB403-9509-41F0-A9D4-6AB50E6CA595}"
EndProject
Project("{FAE04EC0-301F-11D3-BF4B-00C04F79EFBC}") = "Sbo.AndEmiliTest.CoreTests", "Sbo.AndEmiliTest.CoreTests\Sbo.AndEmiliTest.CoreTests.csproj", "{13A790B9-FF86-44C8-BBEB-2488ADEC968B}"
EndProject
Global
	GlobalSection(SolutionConfigurationPlatforms) = preSolution
		Debug|Any CPU = Debug|Any CPU
		Release|Any CPU = Release|Any CPU
	EndGlobalSection
	GlobalSection(ProjectConfigurationPlatforms) = postSolution
		{D8AD502D-0727-4F64-B08C-AABFB1B1749E}.Debug|Any CPU.ActiveCfg = Debug|Any CPU
		{D8AD502D-0727-4F64-B08C-AABFB1B1749E}.Debug|Any CPU.Build.0 = Debug|Any CPU
		{D8AD502D-0727-4F64-B08C-AABFB1B1749E}.Release|Any CPU.ActiveCfg = Release|Any CPU
		{D8AD502D-0727-4F64-B08C-AABFB1B1749E}.Release|Any CPU.Build.0 = Release|Any CPU
		{94A56B53-ED4B-4ECF-AC9F-FB8DF6D35C7E}.Debug|Any CPU.ActiveCfg = Debug|Any CPU
		{94A56B53-ED4B-4ECF-AC9F-FB8DF6D35C7E}.Debug|Any CPU.Build.0 = Debug|Any CPU
		{94A56B53-ED4B-4ECF-AC9F-FB8DF6D35C7E}.Debug|Any CPU.Deploy.0 = Debug|Any CPU
		{94A56B53-ED4B-4ECF-AC9F-FB8DF6D35C7E}.Release|Any CPU.ActiveCfg = Release|Any CPU
		{94A56B53-ED4B-4ECF-AC9F-FB8DF6D35C7E}.Release|Any CPU.Build.0 = Release|Any CPU
		{94A56B53-ED4B-4ECF-AC9F-FB8DF6D35C7E}.Release|Any CPU.Deploy.0 = Release|Any CPU
		{177FB403-9509-41F0-A9D4-6AB50E6CA595}.Debug|Any CPU.ActiveCfg = Debug|Any CPU
		{177FB403-9509-41F0-A9D4-6AB50E6CA595}.Debug|Any CPU.Build.0 = Debug|Any CPU
		{177FB403-9509-41F0-A9D4-6AB50E6CA595}.Release|Any CPU.ActiveCfg = Release|Any CPU
		{177FB403-9509-41F0-A9D4-6AB50E6CA595}.Release|Any CPU.Build.0 = Release|Any CPU
		{13A790B9-FF86-44C8-BBEB-2488ADEC968B}.Debug|Any CPU.ActiveCfg = Debug|Any CPU
		{13A790B9-FF86-44C8-BBEB-2488ADEC968B}.Debug|Any CPU.Build.0 = Debug|Any CPU
		{13A790B9-FF86-44C8-BBEB-2488ADEC968B}.Release|Any CPU.ActiveCfg = Release|Any CPU
		{13A790B9-FF86-44C8-BBEB-2488ADEC968B}.Release|Any CPU.Build.0 = Release|Any CPU
	EndGlobalSection
	GlobalSection(SolutionProperties) = preSolution
		HideSolutionNode = FALSE
	EndGlobalSection
	GlobalSection(ExtensibilityGlobals) = postSolution
		SolutionGuid = {A30D7B08-4273-42A6-9132-6F168838C02D}
	EndGlobalSection
EndGlobal
