
Microsoft Visual Studio Solution File, Format Version 12.00
# Visual Studio Version 17
VisualStudioVersion = 17.8.34330.188
MinimumVisualStudioVersion = 10.0.40219.1
Project("{FAE04EC0-301F-11D3-BF4B-00C04F79EFBC}") = "Sbo.AndEmiliTest.Documents", "Sbo.AndEmiliTest.Documents\Sbo.AndEmiliTest.Documents.csproj", "{D8AD502D-0727-4F64-B08C-AABFB1B1749E}"
EndProject
Global
	GlobalSection(SolutionConfigurationPlatforms) = preSolution
		Debug|Any CPU = Debug|Any CPU
		Release|Any CPU = Release|Any CPU
	EndGlobalSection
	GlobalSection(ProjectConfigurationPlatforms) = postSolution
		{D8AD502D-0727-4F64-B08C-AABFB1B1749E}.Debug|Any CPU.ActiveCfg = Debug|Any CPU
		{D8AD502D-0727-4F64-B08C-AABFB1B1749E}.Debug|Any CPU.Build.0 = Debug|Any CPU
		{D8AD502D-0727-4F64-B08C-AABFB1B1749E}.Release|Any CPU.ActiveCfg = Release|Any CPU
		{D8AD502D-0727-4F64-B08C-AABFB1B1749E}.Release|Any CPU.Build.0 = Release|Any CPU
	EndGlobalSection
	GlobalSection(SolutionProperties) = preSolution
		HideSolutionNode = FALSE
	EndGlobalSection
	GlobalSection(ExtensibilityGlobals) = postSolution
		SolutionGuid = {A30D7B08-4273-42A6-9132-6F168838C02D}
	EndGlobalSection
EndGlobal
